# THIS IS AN AUTOGENERATED FILE. DO NOT EDIT THIS FILE DIRECTLY.
# yarn lockfile v1


"@ledgerhq/devices@^5.34.0":
  version "5.34.0"
  resolved "https://registry.yarnpkg.com/@ledgerhq/devices/-/devices-5.34.0.tgz#4cb073a7bc9528f42f539241fedf44c0c6b451dc"
  integrity sha512-oRoZDDfufXAv9KofQdOXc0QztISa9x/YVdiWs55iOlNRQjWYHSPFzeSP6+J+tN0Au/GS9v+wcnTf+tHCtVz27Q==
  dependencies:
    "@ledgerhq/errors" "^5.34.0"
    "@ledgerhq/logs" "^5.30.0"
    rxjs "^6.6.3"

"@ledgerhq/errors@^5.34.0":
  version "5.34.0"
  resolved "https://registry.yarnpkg.com/@ledgerhq/errors/-/errors-5.34.0.tgz#c003b0929f8ca0c74901a11a88b3e3db4b40e4b7"
  integrity sha512-8Td60sOP5wzsjmxmj9Q5hjrr1XjCfB3Vdifq+1fiD6rpjyscYLgmoP2y5GYDPceDhalA/GOrKNSf+aIVVmBNOw==

"@ledgerhq/hw-transport-u2f@^5.34.0":
  version "5.34.0"
  resolved "https://registry.yarnpkg.com/@ledgerhq/hw-transport-u2f/-/hw-transport-u2f-5.34.0.tgz#53466e4f07e177ec29b1ea061b6c56a57439a0cd"
  integrity sha512-EM6LcbdD6Xo/msedbAWalBZlv89XAZrAZwL5zN9eKlUcWPjjG8c9+t5NedR/jmIaGuzIUVseUCIRxczqd5byOw==
  dependencies:
    "@ledgerhq/errors" "^5.34.0"
    "@ledgerhq/hw-transport" "^5.34.0"
    "@ledgerhq/logs" "^5.30.0"
    u2f-api "0.2.7"

"@ledgerhq/hw-transport@^5.34.0":
  version "5.34.0"
  resolved "https://registry.yarnpkg.com/@ledgerhq/hw-transport/-/hw-transport-5.34.0.tgz#b27eb0d9941a2e6220e5af3e3d4f48ce8a993982"
  integrity sha512-JxhqU9sBn+WH3CPMus9b70SED7LEeW17xw0VL5aRdxFu4YS5rhy5Xf4Sd5jIQfyDkHik1ouzfJVuQEju8+GGBw==
  dependencies:
    "@ledgerhq/devices" "^5.34.0"
    "@ledgerhq/errors" "^5.34.0"
    events "^3.2.0"

"@ledgerhq/logs@^5.30.0":
  version "5.30.0"
  resolved "https://registry.yarnpkg.com/@ledgerhq/logs/-/logs-5.30.0.tgz#76e8d7e5a06a73c9b99da51fa5befd5cfd5309d4"
  integrity sha512-wUhg2VTfUrWihjdGqKkH/s7TBzdIM1yyd2LiscYsfTX2I0xYDMnpE+NkMReeGU8PN3QhCPgnlg9/P9V6UWoJBA==

events@^3.2.0:
  version "3.2.0"
  resolved "https://registry.yarnpkg.com/events/-/events-3.2.0.tgz#93b87c18f8efcd4202a461aec4dfc0556b639379"
  integrity sha512-/46HWwbfCX2xTawVfkKLGxMifJYQBWMwY1mjywRtb4c9x8l5NP3KoJtnIOiL1hfdRkIuYhETxQlo62IF8tcnlg==

rxjs@^6.6.3:
  version "6.6.3"
  resolved "https://registry.yarnpkg.com/rxjs/-/rxjs-6.6.3.tgz#8ca84635c4daa900c0d3967a6ee7ac60271ee552"
  integrity sha512-trsQc+xYYXZ3urjOiJOuCOa5N3jAZ3eiSpQB5hIT8zGlL2QfnHLJ2r7GMkBGuIausdJN1OneaI6gQlsqNHHmZQ==
  dependencies:
    tslib "^1.9.0"

tslib@^1.9.0:
  version "1.14.1"
  resolved "https://registry.yarnpkg.com/tslib/-/tslib-1.14.1.tgz#cf2d38bdc34a134bcaf1091c41f6619e2f672d00"
  integrity sha512-Xni35NKzjgMrwevysHTCArtLDpPvye8zV/0E4EyYn43P7/7qvQwPh9BGkHewbMulVntbigmcT7rdX3BNo9wRJg==

u2f-api@0.2.7:
  version "0.2.7"
  resolved "https://registry.yarnpkg.com/u2f-api/-/u2f-api-0.2.7.tgz#17bf196b242f6bf72353d9858e6a7566cc192720"
  integrity sha512-fqLNg8vpvLOD5J/z4B6wpPg4Lvowz1nJ9xdHcCzdUPKcFE/qNCceV2gNZxSJd5vhAZemHr/K/hbzVA0zxB5mkg==
